
Microsoft Visual Studio Solution File, Format Version 12.00
# Visual Studio Version 16
VisualStudioVersion = 16.0.29521.150
MinimumVisualStudioVersion = 10.0.40219.1
Project("{FAE04EC0-301F-11D3-BF4B-00C04F79EFBC}") = "PRPServer", "PRPServer\PRPServer.csproj", "{367DB1AE-5049-4E28-B089-E220C68E9FBB}"
EndProject
Global
	GlobalSection(SolutionConfigurationPlatforms) = preSolution
		Debug|Any CPU = Debug|Any CPU
		Release|Any CPU = Release|Any CPU
	EndGlobalSection
	GlobalSection(ProjectConfigurationPlatforms) = postSolution
		{367DB1AE-5049-4E28-B089-E220C68E9FBB}.Debug|Any CPU.ActiveCfg = Debug|Any CPU
		{367DB1AE-5049-4E28-B089-E220C68E9FBB}.Debug|Any CPU.Build.0 = Debug|Any CPU
		{367DB1AE-5049-4E28-B089-E220C68E9FBB}.Release|Any CPU.ActiveCfg = Release|Any CPU
		{367DB1AE-5049-4E28-B089-E220C68E9FBB}.Release|Any CPU.Build.0 = Release|Any CPU
	EndGlobalSection
	GlobalSection(SolutionProperties) = preSolution
		HideSolutionNode = FALSE
	EndGlobalSection
	GlobalSection(ExtensibilityGlobals) = postSolution
		SolutionGuid = {C947ED85-D7CE-4B46-9638-377807AE331F}
	EndGlobalSection
EndGlobal
